
Microsoft Visual Studio Solution File, Format Version 12.00
# Visual Studio Version 16
VisualStudioVersion = 16.0.30517.126
MinimumVisualStudioVersion = 10.0.40219.1
Project("{FAE04EC0-301F-11D3-BF4B-00C04F79EFBC}") = "NetMQ.Web", "NetMQ.Web\NetMQ.Web.csproj", "{4BCD8929-9604-4BB4-9CD3-275A56C8ECA1}"
EndProject
Global
	GlobalSection(SolutionConfigurationPlatforms) = preSolution
		Debug|Any CPU = Debug|Any CPU
		Release|Any CPU = Release|Any CPU
	EndGlobalSection
	GlobalSection(ProjectConfigurationPlatforms) = postSolution
		{4BCD8929-9604-4BB4-9CD3-275A56C8ECA1}.Debug|Any CPU.ActiveCfg = Debug|Any CPU
		{4BCD8929-9604-4BB4-9CD3-275A56C8ECA1}.Debug|Any CPU.Build.0 = Debug|Any CPU
		{4BCD8929-9604-4BB4-9CD3-275A56C8ECA1}.Release|Any CPU.ActiveCfg = Release|Any CPU
		{4BCD8929-9604-4BB4-9CD3-275A56C8ECA1}.Release|Any CPU.Build.0 = Release|Any CPU
	EndGlobalSection
	GlobalSection(SolutionProperties) = preSolution
		HideSolutionNode = FALSE
	EndGlobalSection
	GlobalSection(ExtensibilityGlobals) = postSolution
		SolutionGuid = {F1591319-0966-4FC8-AD7A-200C06343601}
	EndGlobalSection
EndGlobal
